
Microsoft Visual Studio Solution File, Format Version 12.00
# Visual Studio Version 17
VisualStudioVersion = 17.9.34714.143
MinimumVisualStudioVersion = 10.0.40219.1
Project("{FAE04EC0-301F-11D3-BF4B-00C04F79EFBC}") = "WebReverseEngineering", "WebReverseEngineering.csproj", "{C7D5BDA6-1557-4C11-BD3B-4FC483A656BC}"
EndProject
Global
	GlobalSection(SolutionConfigurationPlatforms) = preSolution
		Debug|Any CPU = Debug|Any CPU
		Release|Any CPU = Release|Any CPU
	EndGlobalSection
	GlobalSection(ProjectConfigurationPlatforms) = postSolution
		{C7D5BDA6-1557-4C11-BD3B-4FC483A656BC}.Debug|Any CPU.ActiveCfg = Debug|Any CPU
		{C7D5BDA6-1557-4C11-BD3B-4FC483A656BC}.Debug|Any CPU.Build.0 = Debug|Any CPU
		{C7D5BDA6-1557-4C11-BD3B-4FC483A656BC}.Release|Any CPU.ActiveCfg = Release|Any CPU
		{C7D5BDA6-1557-4C11-BD3B-4FC483A656BC}.Release|Any CPU.Build.0 = Release|Any CPU
	EndGlobalSection
	GlobalSection(SolutionProperties) = preSolution
		HideSolutionNode = FALSE
	EndGlobalSection
	GlobalSection(ExtensibilityGlobals) = postSolution
		SolutionGuid = {5277E6EB-D1BF-4B18-A65B-8C5C0D59DA24}
	EndGlobalSection
EndGlobal
